
Microsoft Visual Studio Solution File, Format Version 12.00
# Visual Studio Version 17
VisualStudioVersion = 17.7.34031.279
MinimumVisualStudioVersion = 10.0.40219.1
Project("{FAE04EC0-301F-11D3-BF4B-00C04F79EFBC}") = "RepeticionExamen3Ev", "RepeticionExamen3Ev.csproj", "{F2488201-7E56-449B-A075-643BE0F563D1}"
EndProject
Global
	GlobalSection(SolutionConfigurationPlatforms) = preSolution
		Debug|Any CPU = Debug|Any CPU
		Release|Any CPU = Release|Any CPU
	EndGlobalSection
	GlobalSection(ProjectConfigurationPlatforms) = postSolution
		{F2488201-7E56-449B-A075-643BE0F563D1}.Debug|Any CPU.ActiveCfg = Debug|Any CPU
		{F2488201-7E56-449B-A075-643BE0F563D1}.Debug|Any CPU.Build.0 = Debug|Any CPU
		{F2488201-7E56-449B-A075-643BE0F563D1}.Release|Any CPU.ActiveCfg = Release|Any CPU
		{F2488201-7E56-449B-A075-643BE0F563D1}.Release|Any CPU.Build.0 = Release|Any CPU
	EndGlobalSection
	GlobalSection(SolutionProperties) = preSolution
		HideSolutionNode = FALSE
	EndGlobalSection
	GlobalSection(ExtensibilityGlobals) = postSolution
		SolutionGuid = {6954F860-315B-4CAF-B90A-A74B96D9A32D}
	EndGlobalSection
EndGlobal
